
Microsoft Visual Studio Solution File, Format Version 11.00
# Visual Studio 2010
Project("{FAE04EC0-301F-11D3-BF4B-00C04F79EFBC}") = "ElmahLogViewer", "ElmahLogViewer\ElmahLogViewer.csproj", "{76420776-C8DD-4345-8CA3-C5EAB89E3FE4}"
EndProject
Project("{FAE04EC0-301F-11D3-BF4B-00C04F79EFBC}") = "ElmahLogViewer.Tests", "ElmahLogViewer.Tests\ElmahLogViewer.Tests.csproj", "{89E23D65-508E-4635-87E4-E76FBBA59769}"
EndProject
Project("{FAE04EC0-301F-11D3-BF4B-00C04F79EFBC}") = "DynamicQuery", "DynamicQuery\DynamicQuery.csproj", "{F285CEB0-4108-440C-AD94-1C1A7C159D7C}"
EndProject
Project("{FAE04EC0-301F-11D3-BF4B-00C04F79EFBC}") = "mvc4.dev.ElmahLogViewer", "mvc4.dev.ElmahLogViewer\mvc4.dev.ElmahLogViewer.csproj", "{9F20CBCF-8F8A-420E-A97B-E45C64096068}"
EndProject
Project("{FAE04EC0-301F-11D3-BF4B-00C04F79EFBC}") = "mvc4.beta.ElmahLogViewer", "mvc4.beta.ElmahLogViewer\mvc4.beta.ElmahLogViewer.csproj", "{C91E6233-7CAC-4468-8B77-CFA9A53A935C}"
EndProject
Global
	GlobalSection(TeamFoundationVersionControl) = preSolution
		SccNumberOfProjects = 6
		SccEnterpriseProvider = {4CA58AB2-18FA-4F8D-95D4-32DDF27D184C}
		SccTeamFoundationServer = https://tfs.codeplex.com/tfs/tfs31
		SccLocalPath0 = .
		SccProjectUniqueName1 = DynamicQuery\\DynamicQuery.csproj
		SccProjectName1 = DynamicQuery
		SccLocalPath1 = DynamicQuery
		SccProjectUniqueName2 = ElmahLogViewer.Tests\\ElmahLogViewer.Tests.csproj
		SccProjectName2 = ElmahLogViewer.Tests
		SccLocalPath2 = ElmahLogViewer.Tests
		SccProjectUniqueName3 = ElmahLogViewer\\ElmahLogViewer.csproj
		SccProjectName3 = ElmahLogViewer
		SccLocalPath3 = ElmahLogViewer
		SccProjectUniqueName4 = mvc4.beta.ElmahLogViewer\\mvc4.beta.ElmahLogViewer.csproj
		SccProjectName4 = mvc4.beta.ElmahLogViewer
		SccLocalPath4 = mvc4.beta.ElmahLogViewer
		SccProjectUniqueName5 = mvc4.dev.ElmahLogViewer\\mvc4.dev.ElmahLogViewer.csproj
		SccProjectName5 = mvc4.dev.ElmahLogViewer
		SccLocalPath5 = mvc4.dev.ElmahLogViewer
	EndGlobalSection
	GlobalSection(SolutionConfigurationPlatforms) = preSolution
		Debug|Any CPU = Debug|Any CPU
		Release|Any CPU = Release|Any CPU
	EndGlobalSection
	GlobalSection(ProjectConfigurationPlatforms) = postSolution
		{76420776-C8DD-4345-8CA3-C5EAB89E3FE4}.Debug|Any CPU.ActiveCfg = Debug|Any CPU
		{76420776-C8DD-4345-8CA3-C5EAB89E3FE4}.Debug|Any CPU.Build.0 = Debug|Any CPU
		{76420776-C8DD-4345-8CA3-C5EAB89E3FE4}.Release|Any CPU.ActiveCfg = Release|Any CPU
		{76420776-C8DD-4345-8CA3-C5EAB89E3FE4}.Release|Any CPU.Build.0 = Release|Any CPU
		{89E23D65-508E-4635-87E4-E76FBBA59769}.Debug|Any CPU.ActiveCfg = Debug|Any CPU
		{89E23D65-508E-4635-87E4-E76FBBA59769}.Debug|Any CPU.Build.0 = Debug|Any CPU
		{89E23D65-508E-4635-87E4-E76FBBA59769}.Release|Any CPU.ActiveCfg = Release|Any CPU
		{89E23D65-508E-4635-87E4-E76FBBA59769}.Release|Any CPU.Build.0 = Release|Any CPU
		{F285CEB0-4108-440C-AD94-1C1A7C159D7C}.Debug|Any CPU.ActiveCfg = Debug|Any CPU
		{F285CEB0-4108-440C-AD94-1C1A7C159D7C}.Debug|Any CPU.Build.0 = Debug|Any CPU
		{F285CEB0-4108-440C-AD94-1C1A7C159D7C}.Release|Any CPU.ActiveCfg = Release|Any CPU
		{F285CEB0-4108-440C-AD94-1C1A7C159D7C}.Release|Any CPU.Build.0 = Release|Any CPU
		{9F20CBCF-8F8A-420E-A97B-E45C64096068}.Debug|Any CPU.ActiveCfg = Debug|Any CPU
		{9F20CBCF-8F8A-420E-A97B-E45C64096068}.Debug|Any CPU.Build.0 = Debug|Any CPU
		{9F20CBCF-8F8A-420E-A97B-E45C64096068}.Release|Any CPU.ActiveCfg = Release|Any CPU
		{9F20CBCF-8F8A-420E-A97B-E45C64096068}.Release|Any CPU.Build.0 = Release|Any CPU
		{C91E6233-7CAC-4468-8B77-CFA9A53A935C}.Debug|Any CPU.ActiveCfg = Debug|Any CPU
		{C91E6233-7CAC-4468-8B77-CFA9A53A935C}.Debug|Any CPU.Build.0 = Debug|Any CPU
		{C91E6233-7CAC-4468-8B77-CFA9A53A935C}.Release|Any CPU.ActiveCfg = Release|Any CPU
		{C91E6233-7CAC-4468-8B77-CFA9A53A935C}.Release|Any CPU.Build.0 = Release|Any CPU
	EndGlobalSection
	GlobalSection(SolutionProperties) = preSolution
		HideSolutionNode = FALSE
	EndGlobalSection
EndGlobal
